
Microsoft Visual Studio Solution File, Format Version 12.00
# Visual Studio Version 16
VisualStudioVersion = 16.0.29613.14
MinimumVisualStudioVersion = 10.0.40219.1
Project("{FAE04EC0-301F-11D3-BF4B-00C04F79EFBC}") = "MyFort.App.Android", "MyFort.App\MyFort.App.Android\MyFort.App.Android.csproj", "{AD1639C6-2124-4D6B-8CF9-EA3012E1F9E2}"
EndProject
Project("{FAE04EC0-301F-11D3-BF4B-00C04F79EFBC}") = "MyFort.App", "MyFort.App\MyFort.App\MyFort.App.csproj", "{1D171172-0828-461A-B882-F185FE81494E}"
EndProject
Global
	GlobalSection(SolutionConfigurationPlatforms) = preSolution
		Debug|Any CPU = Debug|Any CPU
		Release|Any CPU = Release|Any CPU
	EndGlobalSection
	GlobalSection(ProjectConfigurationPlatforms) = postSolution
		{AD1639C6-2124-4D6B-8CF9-EA3012E1F9E2}.Debug|Any CPU.ActiveCfg = Debug|Any CPU
		{AD1639C6-2124-4D6B-8CF9-EA3012E1F9E2}.Debug|Any CPU.Build.0 = Debug|Any CPU
		{AD1639C6-2124-4D6B-8CF9-EA3012E1F9E2}.Debug|Any CPU.Deploy.0 = Debug|Any CPU
		{AD1639C6-2124-4D6B-8CF9-EA3012E1F9E2}.Release|Any CPU.ActiveCfg = Release|Any CPU
		{AD1639C6-2124-4D6B-8CF9-EA3012E1F9E2}.Release|Any CPU.Build.0 = Release|Any CPU
		{AD1639C6-2124-4D6B-8CF9-EA3012E1F9E2}.Release|Any CPU.Deploy.0 = Release|Any CPU
		{1D171172-0828-461A-B882-F185FE81494E}.Debug|Any CPU.ActiveCfg = Debug|Any CPU
		{1D171172-0828-461A-B882-F185FE81494E}.Debug|Any CPU.Build.0 = Debug|Any CPU
		{1D171172-0828-461A-B882-F185FE81494E}.Debug|Any CPU.Deploy.0 = Debug|Any CPU
		{1D171172-0828-461A-B882-F185FE81494E}.Release|Any CPU.ActiveCfg = Release|Any CPU
		{1D171172-0828-461A-B882-F185FE81494E}.Release|Any CPU.Build.0 = Release|Any CPU
		{1D171172-0828-461A-B882-F185FE81494E}.Release|Any CPU.Deploy.0 = Release|Any CPU
	EndGlobalSection
	GlobalSection(SolutionProperties) = preSolution
		HideSolutionNode = FALSE
	EndGlobalSection
	GlobalSection(ExtensibilityGlobals) = postSolution
		SolutionGuid = {35228826-2622-40CC-9368-90B8CF8A1EFA}
	EndGlobalSection
EndGlobal
